
Microsoft Visual Studio Solution File, Format Version 12.00
# Visual Studio Version 17
VisualStudioVersion = 17.14.36203.30
MinimumVisualStudioVersion = 10.0.40219.1
Project("{FAE04EC0-301F-11D3-BF4B-00C04F79EFBC}") = "Frock-backend", "Frock-backend\Frock-backend.csproj", "{D40B5E1D-5849-441D-9222-0C269DFFFB50}"
EndProject
Project("{2150E333-8FDC-42A3-9474-1A3956D46DE8}") = "Elementos de la solución", "Elementos de la solución", "{D107F4C8-89CC-BEA8-D3D7-CA6B7733353D}"
	ProjectSection(SolutionItems) = preProject
		railway.toml = railway.toml
	EndProjectSection
EndProject
Project("{FAE04EC0-301F-11D3-BF4B-00C04F79EFBC}") = "Frock-backend.test", "Frock-backend.test\Frock-backend.test.csproj", "{6B9BAF2B-B61A-471F-BC9D-366B6513BCE7}"
EndProject
Global
	GlobalSection(SolutionConfigurationPlatforms) = preSolution
		Debug|Any CPU = Debug|Any CPU
		Release|Any CPU = Release|Any CPU
	EndGlobalSection
	GlobalSection(ProjectConfigurationPlatforms) = postSolution
		{D40B5E1D-5849-441D-9222-0C269DFFFB50}.Debug|Any CPU.ActiveCfg = Debug|Any CPU
		{D40B5E1D-5849-441D-9222-0C269DFFFB50}.Debug|Any CPU.Build.0 = Debug|Any CPU
		{D40B5E1D-5849-441D-9222-0C269DFFFB50}.Release|Any CPU.ActiveCfg = Release|Any CPU
		{D40B5E1D-5849-441D-9222-0C269DFFFB50}.Release|Any CPU.Build.0 = Release|Any CPU
		{6B9BAF2B-B61A-471F-BC9D-366B6513BCE7}.Debug|Any CPU.ActiveCfg = Debug|Any CPU
		{6B9BAF2B-B61A-471F-BC9D-366B6513BCE7}.Debug|Any CPU.Build.0 = Debug|Any CPU
		{6B9BAF2B-B61A-471F-BC9D-366B6513BCE7}.Release|Any CPU.ActiveCfg = Release|Any CPU
		{6B9BAF2B-B61A-471F-BC9D-366B6513BCE7}.Release|Any CPU.Build.0 = Release|Any CPU
	EndGlobalSection
	GlobalSection(SolutionProperties) = preSolution
		HideSolutionNode = FALSE
	EndGlobalSection
	GlobalSection(ExtensibilityGlobals) = postSolution
		SolutionGuid = {DD65F616-5106-4E1B-A693-E50C3C6E7F21}
	EndGlobalSection
EndGlobal
